
Microsoft Visual Studio Solution File, Format Version 12.00
# Visual Studio Version 16
VisualStudioVersion = 16.0.31129.286
MinimumVisualStudioVersion = 10.0.40219.1
Project("{FAE04EC0-301F-11D3-BF4B-00C04F79EFBC}") = "ConquerOfficialClientFinder", "ConquerOfficialClientFinder\ConquerOfficialClientFinder.csproj", "{AD2C8A8A-D7CF-4EF2-89EF-A66FA54D6FB2}"
EndProject
Global
	GlobalSection(SolutionConfigurationPlatforms) = preSolution
		Debug|Any CPU = Debug|Any CPU
		Release|Any CPU = Release|Any CPU
	EndGlobalSection
	GlobalSection(ProjectConfigurationPlatforms) = postSolution
		{AD2C8A8A-D7CF-4EF2-89EF-A66FA54D6FB2}.Debug|Any CPU.ActiveCfg = Debug|Any CPU
		{AD2C8A8A-D7CF-4EF2-89EF-A66FA54D6FB2}.Debug|Any CPU.Build.0 = Debug|Any CPU
		{AD2C8A8A-D7CF-4EF2-89EF-A66FA54D6FB2}.Release|Any CPU.ActiveCfg = Release|Any CPU
		{AD2C8A8A-D7CF-4EF2-89EF-A66FA54D6FB2}.Release|Any CPU.Build.0 = Release|Any CPU
	EndGlobalSection
	GlobalSection(SolutionProperties) = preSolution
		HideSolutionNode = FALSE
	EndGlobalSection
	GlobalSection(ExtensibilityGlobals) = postSolution
		SolutionGuid = {CBF225B7-6787-4AC7-A9E2-4692C6FF5586}
	EndGlobalSection
EndGlobal
